
Microsoft Visual Studio Solution File, Format Version 12.00
# Visual Studio Version 17
VisualStudioVersion = 17.9.34616.47
MinimumVisualStudioVersion = 10.0.40219.1
Project("{FAE04EC0-301F-11D3-BF4B-00C04F79EFBC}") = "UbaClone.WebApi", "UbaClone.WebApi\UbaClone.WebApi.csproj", "{9FA96485-A88F-476F-BC15-F562C0BAA04C}"
EndProject
Global
	GlobalSection(SolutionConfigurationPlatforms) = preSolution
		Debug|Any CPU = Debug|Any CPU
		Release|Any CPU = Release|Any CPU
	EndGlobalSection
	GlobalSection(ProjectConfigurationPlatforms) = postSolution
		{9FA96485-A88F-476F-BC15-F562C0BAA04C}.Debug|Any CPU.ActiveCfg = Debug|Any CPU
		{9FA96485-A88F-476F-BC15-F562C0BAA04C}.Debug|Any CPU.Build.0 = Debug|Any CPU
		{9FA96485-A88F-476F-BC15-F562C0BAA04C}.Release|Any CPU.ActiveCfg = Release|Any CPU
		{9FA96485-A88F-476F-BC15-F562C0BAA04C}.Release|Any CPU.Build.0 = Release|Any CPU
	EndGlobalSection
	GlobalSection(SolutionProperties) = preSolution
		HideSolutionNode = FALSE
	EndGlobalSection
	GlobalSection(ExtensibilityGlobals) = postSolution
		SolutionGuid = {A0B3EF6E-F775-421D-BF70-00FD03267B8A}
	EndGlobalSection
EndGlobal
